# THIS IS AN AUTOGENERATED FILE. DO NOT EDIT THIS FILE DIRECTLY.
# yarn lockfile v1


commander@~2.16.0:
  version "2.16.0"
  resolved "https://registry.yarnpkg.com/commander/-/commander-2.16.0.tgz#f16390593996ceb4f3eeb020b31d78528f7f8a50"
  integrity sha512-sVXqklSaotK9at437sFlFpyOcJonxe0yST/AG9DkQKUdIE6IqGIMv4SfAQSKaJbSdVEJYItASCrBiVQHq1HQew==

monaco-editor-core@0.14.1:
  version "0.14.1"
  resolved "https://registry.yarnpkg.com/monaco-editor-core/-/monaco-editor-core-0.14.1.tgz#a43348d041c637d8a00e611892b929cfaa7a0e68"
  integrity sha512-bWJuPbDEftxaN2bG+JZ29+aJhg0rmq+y6VmCUqPZpmw8bSevoYjuTcdLkt9BbNaGnwosAVy+vSktXgs/JW7OvQ==

monaco-languages@1.4.0:
  version "1.4.0"
  resolved "https://registry.yarnpkg.com/monaco-languages/-/monaco-languages-1.4.0.tgz#5c9847b0e82339ff5bc403c7cfff17918ac124b7"
  integrity sha512-39MZMAEKToktfSpOS0Soj05IvkT5vbebL9AIBGPn8fGi8WgJOcfS3YLiMu07gZKViR7CFZ4RyQJKJHglx0fPdA==

monaco-plugin-helpers@^1.0.2:
  version "1.0.2"
  resolved "https://registry.yarnpkg.com/monaco-plugin-helpers/-/monaco-plugin-helpers-1.0.2.tgz#ee1af42503fe4669f3a8731112b661032e41c8a9"
  integrity sha512-7kUx8dtd5qVNVgUARBRhnM8oftPglYwlINfigC4yGUiuzqtIN22u1tly8umiOCIPR0eFiBLjt6aN23oZh2QJgg==
  dependencies:
    typescript "^2.7.2"

requirejs@^2.3.5:
  version "2.3.6"
  resolved "https://registry.yarnpkg.com/requirejs/-/requirejs-2.3.6.tgz#e5093d9601c2829251258c0b9445d4d19fa9e7c9"
  integrity sha512-ipEzlWQe6RK3jkzikgCupiTbTvm4S0/CAU5GlgptkN5SO6F3u0UD0K18wy6ErDqiCyP4J4YYe1HuAShvsxePLg==

source-map@~0.6.1:
  version "0.6.1"
  resolved "https://registry.yarnpkg.com/source-map/-/source-map-0.6.1.tgz#74722af32e9614e9c287a8d0bbde48b5e2f1a263"
  integrity sha512-UjgapumWlbMhkBgzT7Ykc5YXUT46F0iKu8SGXq0bcwP5dz/h0Plj6enJqjz1Zbq2l5WaqYnrVbwWOWMyF3F47g==

typescript@3.0.1:
  version "3.0.1"
  resolved "https://registry.yarnpkg.com/typescript/-/typescript-3.0.1.tgz#43738f29585d3a87575520a4b93ab6026ef11fdb"
  integrity sha512-zQIMOmC+372pC/CCVLqnQ0zSBiY7HHodU7mpQdjiZddek4GMj31I3dUJ7gAs9o65X7mnRma6OokOkc6f9jjfBg==

typescript@^2.7.2:
  version "2.9.2"
  resolved "https://registry.yarnpkg.com/typescript/-/typescript-2.9.2.tgz#1cbf61d05d6b96269244eb6a3bce4bd914e0f00c"
  integrity sha512-Gr4p6nFNaoufRIY4NMdpQRNmgxVIGMs4Fcu/ujdYk3nAZqk7supzBE9idmvfZIlH/Cuj//dvi+019qEue9lV0w==

uglify-js@3.4.7:
  version "3.4.7"
  resolved "https://registry.yarnpkg.com/uglify-js/-/uglify-js-3.4.7.tgz#4df6b92e54789aa921a254cb1e33704d6ec12b89"
  integrity sha512-J0M2i1mQA+ze3EdN9SBi751DNdAXmeFLfJrd/MDIkRc3G3Gbb9OPVSx7GIQvVwfWxQARcYV2DTxIkMyDAk3o9Q==
  dependencies:
    commander "~2.16.0"
    source-map "~0.6.1"

vscode-css-languageservice@3.0.9:
  version "3.0.9"
  resolved "https://registry.yarnpkg.com/vscode-css-languageservice/-/vscode-css-languageservice-3.0.9.tgz#770471350120c5bcf6918632a125638fc0ece3be"
  integrity sha512-fxAVvS9xgT1Ohyf2+CeJbT+WB6GWnptsAPe3Eao/dqEIJpq6nhugjZwlVVdw0bne9UG7KUoQRsx0++jErx71Zg==
  dependencies:
    vscode-languageserver-types "^3.10.0"
    vscode-nls "^3.2.4"

vscode-languageserver-types@3.10.0:
  version "3.10.0"
  resolved "https://registry.yarnpkg.com/vscode-languageserver-types/-/vscode-languageserver-types-3.10.0.tgz#944e5308f3b36a3f372c766f1a344e903ec9c389"
  integrity sha512-vxmCsVZGwq8X40SuLP8Ix7V0rq5V/7iQUjRVe2Oxm+TbmjxtjK4dpHHXQCUawjA4fhPA9FwjSRbDhbvQmYCfMw==

vscode-languageserver-types@^3.10.0:
  version "3.13.0"
  resolved "https://registry.yarnpkg.com/vscode-languageserver-types/-/vscode-languageserver-types-3.13.0.tgz#b704b024cef059f7b326611c99b9c8753c0a18b4"
  integrity sha512-BnJIxS+5+8UWiNKCP7W3g9FlE7fErFw0ofP5BXJe7c2tl0VeWh+nNHFbwAS2vmVC4a5kYxHBjRy0UeOtziemVA==

vscode-nls@^3.2.4:
  version "3.2.5"
  resolved "https://registry.yarnpkg.com/vscode-nls/-/vscode-nls-3.2.5.tgz#25520c1955108036dec607c85e00a522f247f1a4"
  integrity sha512-ITtoh3V4AkWXMmp3TB97vsMaHRgHhsSFPsUdzlueSL+dRZbSNTZeOmdQv60kjCV306ghPxhDeoNUEm3+EZMuyw==
